
Microsoft Visual Studio Solution File, Format Version 12.00
# Visual Studio Version 16
VisualStudioVersion = 16.0.29905.134
MinimumVisualStudioVersion = 10.0.40219.1
Project("{9A19103F-16F7-4668-BE54-9A1E7A4F7556}") = "EInvoiceCore", "EInvoiceCore\EInvoiceCore.csproj", "{FF1BBBBB-FE49-4973-B776-1331EC841CDC}"
EndProject
Project("{9A19103F-16F7-4668-BE54-9A1E7A4F7556}") = "EInvoiceInfrastructure", "EInvoiceInfrastructure\EInvoiceInfrastructure.csproj", "{614A22AD-29AB-4779-A04E-B668BC3EE473}"
EndProject
Project("{FAE04EC0-301F-11D3-BF4B-00C04F79EFBC}") = "EInvoice.Web", "EInvoice.Web\EInvoice.Web.csproj", "{3C89340A-D2B8-42C8-80A2-9F4515A64EDC}"
EndProject
Global
	GlobalSection(SolutionConfigurationPlatforms) = preSolution
		Debug|Any CPU = Debug|Any CPU
		Release|Any CPU = Release|Any CPU
	EndGlobalSection
	GlobalSection(ProjectConfigurationPlatforms) = postSolution
		{FF1BBBBB-FE49-4973-B776-1331EC841CDC}.Debug|Any CPU.ActiveCfg = Debug|Any CPU
		{FF1BBBBB-FE49-4973-B776-1331EC841CDC}.Debug|Any CPU.Build.0 = Debug|Any CPU
		{FF1BBBBB-FE49-4973-B776-1331EC841CDC}.Release|Any CPU.ActiveCfg = Release|Any CPU
		{FF1BBBBB-FE49-4973-B776-1331EC841CDC}.Release|Any CPU.Build.0 = Release|Any CPU
		{614A22AD-29AB-4779-A04E-B668BC3EE473}.Debug|Any CPU.ActiveCfg = Debug|Any CPU
		{614A22AD-29AB-4779-A04E-B668BC3EE473}.Debug|Any CPU.Build.0 = Debug|Any CPU
		{614A22AD-29AB-4779-A04E-B668BC3EE473}.Release|Any CPU.ActiveCfg = Release|Any CPU
		{614A22AD-29AB-4779-A04E-B668BC3EE473}.Release|Any CPU.Build.0 = Release|Any CPU
		{3C89340A-D2B8-42C8-80A2-9F4515A64EDC}.Debug|Any CPU.ActiveCfg = Debug|Any CPU
		{3C89340A-D2B8-42C8-80A2-9F4515A64EDC}.Debug|Any CPU.Build.0 = Debug|Any CPU
		{3C89340A-D2B8-42C8-80A2-9F4515A64EDC}.Release|Any CPU.ActiveCfg = Release|Any CPU
		{3C89340A-D2B8-42C8-80A2-9F4515A64EDC}.Release|Any CPU.Build.0 = Release|Any CPU
	EndGlobalSection
	GlobalSection(SolutionProperties) = preSolution
		HideSolutionNode = FALSE
	EndGlobalSection
	GlobalSection(ExtensibilityGlobals) = postSolution
		SolutionGuid = {D7F062C7-6766-462D-AC4E-0DA9D7C4CD44}
	EndGlobalSection
EndGlobal
